// !$*UTF8*$!
{
	archiveVersion = 1;
	classes = {
	};
	objectVersion = 50;
	objects = {

/* Begin PBXBuildFile section */
		621AAB232190D01E002DE426 /* AppDelegate.swift in Sources */ = {isa = PBXBuildFile; fileRef = 621AAB222190D01E002DE426 /* AppDelegate.swift */; };
		621AAB252190D01E002DE426 /* ViewController.swift in Sources */ = {isa = PBXBuildFile; fileRef = 621AAB242190D01E002DE426 /* ViewController.swift */; };
		621AAB282190D01E002DE426 /* Main.storyboard in Resources */ = {isa = PBXBuildFile; fileRef = 621AAB262190D01E002DE426 /* Main.storyboard */; };
		621AAB2A2190D01F002DE426 /* Assets.xcassets in Resources */ = {isa = PBXBuildFile; fileRef = 621AAB292190D01F002DE426 /* Assets.xcassets */; };
		621AAB2D2190D01F002DE426 /* LaunchScreen.storyboard in Resources */ = {isa = PBXBuildFile; fileRef = 621AAB2B2190D01F002DE426 /* LaunchScreen.storyboard */; };
		621AAB362190D22E002DE426 /* Intents.framework in Frameworks */ = {isa = PBXBuildFile; fileRef = 621AAB352190D22E002DE426 /* Intents.framework */; };
/* End PBXBuildFile section */

/* Begin PBXFileReference section */
		621AAB1F2190D01E002DE426 /* QuickSiriShorcut.app */ = {isa = PBXFileReference; explicitFileType = wrapper.application; includeInIndex = 0; path = QuickSiriShorcut.app; sourceTree = BUILT_PRODUCTS_DIR; };
		621AAB222190D01E002DE426 /* AppDelegate.swift */ = {isa = PBXFileReference; lastKnownFileType = sourcecode.swift; path = AppDelegate.swift; sourceTree = "<group>"; };
		621AAB242190D01E002DE426 /* ViewController.swift */ = {isa = PBXFileReference; lastKnownFileType = sourcecode.swift; path = ViewController.swift; sourceTree = "<group>"; };
		621AAB272190D01E002DE426 /* Base */ = {isa = PBXFileReference; lastKnownFileType = file.storyboard; name = Base; path = Base.lproj/Main.storyboard; sourceTree = "<group>"; };
		621AAB292190D01F002DE426 /* Assets.xcassets */ = {isa = PBXFileReference; lastKnownFileType = folder.assetcatalog; path = Assets.xcassets; sourceTree = "<group>"; };
		621AAB2C2190D01F002DE426 /* Base */ = {isa = PBXFileReference; lastKnownFileType = file.storyboard; name = Base; path = Base.lproj/LaunchScreen.storyboard; sourceTree = "<group>"; };
		621AAB2E2190D01F002DE426 /* Info.plist */ = {isa = PBXFileReference; lastKnownFileType = text.plist.xml; path = Info.plist; sourceTree = "<group>"; };
		621AAB352190D22E002DE426 /* Intents.framework */ = {isa = PBXFileReference; lastKnownFileType = wrapper.framework; name = Intents.framework; path = System/Library/Frameworks/Intents.framework; sourceTree = SDKROOT; };
		621AAB372190D23A002DE426 /* QuickSiriShorcut.entitlements */ = {isa = PBXFileReference; lastKnownFileType = text.plist.entitlements; path = QuickSiriShorcut.entitlements; sourceTree = "<group>"; };
/* End PBXFileReference section */

/* Begin PBXFrameworksBuildPhase section */
		621AAB1C2190D01E002DE426 /* Frameworks */ = {
			isa = PBXFrameworksBuildPhase;
			buildActionMask = 2147483647;
			files = (
				621AAB362190D22E002DE426 /* Intents.framework in Frameworks */,
			);
			runOnlyForDeploymentPostprocessing = 0;
		};
/* End PBXFrameworksBuildPhase section */

/* Begin PBXGroup section */
		621AAB162190D01E002DE426 = {
			isa = PBXGroup;
			children = (
				621AAB212190D01E002DE426 /* QuickSiriShorcut */,
				621AAB202190D01E002DE426 /* Products */,
				621AAB342190D22E002DE426 /* Frameworks */,
			);
			sourceTree = "<group>";
		};
		621AAB202190D01E002DE426 /* Products */ = {
			isa = PBXGroup;
			children = (
				621AAB1F2190D01E002DE426 /* QuickSiriShorcut.app */,
			);
			name = Products;
			sourceTree = "<group>";
		};
		621AAB212190D01E002DE426 /* QuickSiriShorcut */ = {
			isa = PBXGroup;
			children = (
				621AAB222190D01E002DE426 /* AppDelegate.swift */,
				621AAB242190D01E002DE426 /* ViewController.swift */,
				621AAB262190D01E002DE426 /* Main.storyboard */,
				621AAB292190D01F002DE426 /* Assets.xcassets */,
				621AAB2B2190D01F002DE426 /* LaunchScreen.storyboard */,
				621AAB2E2190D01F002DE426 /* Info.plist */,
				621AAB372190D23A002DE426 /* QuickSiriShorcut.entitlements */,
			);
			path = QuickSiriShorcut;
			sourceTree = "<group>";
		};
		621AAB342190D22E002DE426 /* Frameworks */ = {
			isa = PBXGroup;
			children = (
				621AAB352190D22E002DE426 /* Intents.framework */,
			);
			name = Frameworks;
			sourceTree = "<group>";
		};
/* End PBXGroup section */

/* Begin PBXNativeTarget section */
		621AAB1E2190D01E002DE426 /* QuickSiriShorcut */ = {
			isa = PBXNativeTarget;
			buildConfigurationList = 621AAB312190D01F002DE426 /* Build configuration list for PBXNativeTarget "QuickSiriShorcut" */;
			buildPhases = (
				621AAB1B2190D01E002DE426 /* Sources */,
				621AAB1C2190D01E002DE426 /* Frameworks */,
				621AAB1D2190D01E002DE426 /* Resources */,
			);
			buildRules = (
			);
			dependencies = (
			);
			name = QuickSiriShorcut;
			productName = SampleSiriShorcut;
			productReference = 621AAB1F2190D01E002DE426 /* QuickSiriShorcut.app */;
			productType = "com.apple.product-type.application";
		};
/* End PBXNativeTarget section */

/* Begin PBXProject section */
		621AAB172190D01E002DE426 /* Project object */ = {
			isa = PBXProject;
			attributes = {
				LastSwiftUpdateCheck = 1010;
				LastUpgradeCheck = 1010;
				ORGANIZATIONNAME = "Mattia Cantalù";
				TargetAttributes = {
					621AAB1E2190D01E002DE426 = {
						CreatedOnToolsVersion = 10.1;
						SystemCapabilities = {
							com.apple.Siri = {
								enabled = 1;
							};
						};
					};
				};
			};
			buildConfigurationList = 621AAB1A2190D01E002DE426 /* Build configuration list for PBXProject "QuickSiriShorcut" */;
			compatibilityVersion = "Xcode 9.3";
			developmentRegion = en;
			hasScannedForEncodings = 0;
			knownRegions = (
				en,
				Base,
			);
			mainGroup = 621AAB162190D01E002DE426;
			productRefGroup = 621AAB202190D01E002DE426 /* Products */;
			projectDirPath = "";
			projectRoot = "";
			targets = (
				621AAB1E2190D01E002DE426 /* QuickSiriShorcut */,
			);
		};
/* End PBXProject section */

/* Begin PBXResourcesBuildPhase section */
		621AAB1D2190D01E002DE426 /* Resources */ = {
			isa = PBXResourcesBuildPhase;
			buildActionMask = 2147483647;
			files = (
				621AAB2D2190D01F002DE426 /* LaunchScreen.storyboard in Resources */,
				621AAB2A2190D01F002DE426 /* Assets.xcassets in Resources */,
				621AAB282190D01E002DE426 /* Main.storyboard in Resources */,
			);
			runOnlyForDeploymentPostprocessing = 0;
		};
/* End PBXResourcesBuildPhase section */

/* Begin PBXSourcesBuildPhase section */
		621AAB1B2190D01E002DE426 /* Sources */ = {
			isa = PBXSourcesBuildPhase;
			buildActionMask = 2147483647;
			files = (
				621AAB252190D01E002DE426 /* ViewController.swift in Sources */,
				621AAB232190D01E002DE426 /* AppDelegate.swift in Sources */,
			);
			runOnlyForDeploymentPostprocessing = 0;
		};
/* End PBXSourcesBuildPhase section */

/* Begin PBXVariantGroup section */
		621AAB262190D01E002DE426 /* Main.storyboard */ = {
			isa = PBXVariantGroup;
			children = (
				621AAB272190D01E002DE426 /* Base */,
			);
			name = Main.storyboard;
			sourceTree = "<group>";
		};
		621AAB2B2190D01F002DE426 /* LaunchScreen.storyboard */ = {
			isa = PBXVariantGroup;
			children = (
				621AAB2C2190D01F002DE426 /* Base */,
			);
			name = LaunchScreen.storyboard;
			sourceTree = "<group>";
		};
/* End PBXVariantGroup section */

/* Begin XCBuildConfiguration section */
		621AAB2F2190D01F002DE426 /* Debug */ = {
			isa = XCBuildConfiguration;
			buildSettings = {
				ALWAYS_SEARCH_USER_PATHS = NO;
				CLANG_ANALYZER_NONNULL = YES;
				CLANG_ANALYZER_NUMBER_OBJECT_CONVERSION = YES_AGGRESSIVE;
				CLANG_CXX_LANGUAGE_STANDARD = "gnu++14";
				CLANG_CXX_LIBRARY = "libc++";
				CLANG_ENABLE_MODULES = YES;
				CLANG_ENABLE_OBJC_ARC = YES;
				CLANG_ENABLE_OBJC_WEAK = YES;
				CLANG_WARN_BLOCK_CAPTURE_AUTORELEASING = YES;
				CLANG_WARN_BOOL_CONVERSION = YES;
				CLANG_WARN_COMMA = YES;
				CLANG_WARN_CONSTANT_CONVERSION = YES;
				CLANG_WARN_DEPRECATED_OBJC_IMPLEMENTATIONS = YES;
				CLANG_WARN_DIRECT_OBJC_ISA_USAGE = YES_ERROR;
				CLANG_WARN_DOCUMENTATION_COMMENTS = YES;
				CLANG_WARN_EMPTY_BODY = YES;
				CLANG_WARN_ENUM_CONVERSION = YES;
				CLANG_WARN_INFINITE_RECURSION = YES;
				CLANG_WARN_INT_CONVERSION = YES;
				CLANG_WARN_NON_LITERAL_NULL_CONVERSION = YES;
				CLANG_WARN_OBJC_IMPLICIT_RETAIN_SELF = YES;
				CLANG_WARN_OBJC_LITERAL_CONVERSION = YES;
				CLANG_WARN_OBJC_ROOT_CLASS = YES_ERROR;
				CLANG_WARN_RANGE_LOOP_ANALYSIS = YES;
				CLANG_WARN_STRICT_PROTOTYPES = YES;
				CLANG_WARN_SUSPICIOUS_MOVE = YES;
				CLANG_WARN_UNGUARDED_AVAILABILITY = YES_AGGRESSIVE;
				CLANG_WARN_UNREACHABLE_CODE = YES;
				CLANG_WARN__DUPLICATE_METHOD_MATCH = YES;
				CODE_SIGN_IDENTITY = "iPhone Developer";
				COPY_PHASE_STRIP = NO;
				DEBUG_INFORMATION_FORMAT = dwarf;
				ENABLE_STRICT_OBJC_MSGSEND = YES;
				ENABLE_TESTABILITY = YES;
				GCC_C_LANGUAGE_STANDARD = gnu11;
				GCC_DYNAMIC_NO_PIC = NO;
				GCC_NO_COMMON_BLOCKS = YES;
				GCC_OPTIMIZATION_LEVEL = 0;
				GCC_PREPROCESSOR_DEFINITIONS = (
					"DEBUG=1",
					"$(inherited)",
				);
				GCC_WARN_64_TO_32_BIT_CONVERSION = YES;
				GCC_WARN_ABOUT_RETURN_TYPE = YES_ERROR;
				GCC_WARN_UNDECLARED_SELECTOR = YES;
				GCC_WARN_UNINITIALIZED_AUTOS = YES_AGGRESSIVE;
				GCC_WARN_UNUSED_FUNCTION = YES;
				GCC_WARN_UNUSED_VARIABLE = YES;
				IPHONEOS_DEPLOYMENT_TARGET = 12.1;
				MTL_ENABLE_DEBUG_INFO = INCLUDE_SOURCE;
				MTL_FAST_MATH = YES;
				ONLY_ACTIVE_ARCH = YES;
				SDKROOT = iphoneos;
				SWIFT_ACTIVE_COMPILATION_CONDITIONS = DEBUG;
				SWIFT_OPTIMIZATION_LEVEL = "-Onone";
			};
			name = Debug;
		};
		621AAB302190D01F002DE426 /* Release */ = {
			isa = XCBuildConfiguration;
			buildSettings = {
				ALWAYS_SEARCH_USER_PATHS = NO;
				CLANG_ANALYZER_NONNULL = YES;
				CLANG_ANALYZER_NUMBER_OBJECT_CONVERSION = YES_AGGRESSIVE;
				CLANG_CXX_LANGUAGE_STANDARD = "gnu++14";
				CLANG_CXX_LIBRARY = "libc++";
				CLANG_ENABLE_MODULES = YES;
				CLANG_ENABLE_OBJC_ARC = YES;
				CLANG_ENABLE_OBJC_WEAK = YES;
				CLANG_WARN_BLOCK_CAPTURE_AUTORELEASING = YES;
				CLANG_WARN_BOOL_CONVERSION = YES;
				CLANG_WARN_COMMA = YES;
				CLANG_WARN_CONSTANT_CONVERSION = YES;
				CLANG_WARN_DEPRECATED_OBJC_IMPLEMENTATIONS = YES;
				CLANG_WARN_DIRECT_OBJC_ISA_USAGE = YES_ERROR;
				CLANG_WARN_DOCUMENTATION_COMMENTS = YES;
				CLANG_WARN_EMPTY_BODY = YES;
				CLANG_WARN_ENUM_CONVERSION = YES;
				CLANG_WARN_INFINITE_RECURSION = YES;
				CLANG_WARN_INT_CONVERSION = YES;
				CLANG_WARN_NON_LITERAL_NULL_CONVERSION = YES;
				CLANG_WARN_OBJC_IMPLICIT_RETAIN_SELF = YES;
				CLANG_WARN_OBJC_LITERAL_CONVERSION = YES;
				CLANG_WARN_OBJC_ROOT_CLASS = YES_ERROR;
				CLANG_WARN_RANGE_LOOP_ANALYSIS = YES;
				CLANG_WARN_STRICT_PROTOTYPES = YES;
				CLANG_WARN_SUSPICIOUS_MOVE = YES;
				CLANG_WARN_UNGUARDED_AVAILABILITY = YES_AGGRESSIVE;
				CLANG_WARN_UNREACHABLE_CODE = YES;
				CLANG_WARN__DUPLICATE_METHOD_MATCH = YES;
				CODE_SIGN_IDENTITY = "iPhone Developer";
				COPY_PHASE_STRIP = NO;
				DEBUG_INFORMATION_FORMAT = "dwarf-with-dsym";
				ENABLE_NS_ASSERTIONS = NO;
				ENABLE_STRICT_OBJC_MSGSEND = YES;
				GCC_C_LANGUAGE_STANDARD = gnu11;
				GCC_NO_COMMON_BLOCKS = YES;
				GCC_WARN_64_TO_32_BIT_CONVERSION = YES;
				GCC_WARN_ABOUT_RETURN_TYPE = YES_ERROR;
				GCC_WARN_UNDECLARED_SELECTOR = YES;
				GCC_WARN_UNINITIALIZED_AUTOS = YES_AGGRESSIVE;
				GCC_WARN_UNUSED_FUNCTION = YES;
				GCC_WARN_UNUSED_VARIABLE = YES;
				IPHONEOS_DEPLOYMENT_TARGET = 12.1;
				MTL_ENABLE_DEBUG_INFO = NO;
				MTL_FAST_MATH = YES;
				SDKROOT = iphoneos;
				SWIFT_COMPILATION_MODE = wholemodule;
				SWIFT_OPTIMIZATION_LEVEL = "-O";
				VALIDATE_PRODUCT = YES;
			};
			name = Release;
		};
		621AAB322190D01F002DE426 /* Debug */ = {
			isa = XCBuildConfiguration;
			buildSettings = {
				ASSETCATALOG_COMPILER_APPICON_NAME = AppIcon;
				CODE_SIGN_ENTITLEMENTS = QuickSiriShorcut.entitlements;
				CODE_SIGN_STYLE = Automatic;
				DEVELOPMENT_TEAM = TVE3XYL8J6;
				INFOPLIST_FILE = QuickSiriShorcut/Info.plist;
				LD_RUNPATH_SEARCH_PATHS = (
					"$(inherited)",
					"@executable_path/Frameworks",
				);
				PRODUCT_BUNDLE_IDENTIFIER = com.mattiacantalu.QuickSiriShorcut;
				PRODUCT_NAME = "$(TARGET_NAME)";
				SWIFT_VERSION = 4.2;
				TARGETED_DEVICE_FAMILY = "1,2";
			};
			name = Debug;
		};
		621AAB332190D01F002DE426 /* Release */ = {
			isa = XCBuildConfiguration;
			buildSettings = {
				ASSETCATALOG_COMPILER_APPICON_NAME = AppIcon;
				CODE_SIGN_ENTITLEMENTS = QuickSiriShorcut.entitlements;
				CODE_SIGN_STYLE = Automatic;
				DEVELOPMENT_TEAM = TVE3XYL8J6;
				INFOPLIST_FILE = QuickSiriShorcut/Info.plist;
				LD_RUNPATH_SEARCH_PATHS = (
					"$(inherited)",
					"@executable_path/Frameworks",
				);
				PRODUCT_BUNDLE_IDENTIFIER = com.mattiacantalu.QuickSiriShorcut;
				PRODUCT_NAME = "$(TARGET_NAME)";
				SWIFT_VERSION = 4.2;
				TARGETED_DEVICE_FAMILY = "1,2";
			};
			name = Release;
		};
/* End XCBuildConfiguration section */

/* Begin XCConfigurationList section */
		621AAB1A2190D01E002DE426 /* Build configuration list for PBXProject "QuickSiriShorcut" */ = {
			isa = XCConfigurationList;
			buildConfigurations = (
				621AAB2F2190D01F002DE426 /* Debug */,
				621AAB302190D01F002DE426 /* Release */,
			);
			defaultConfigurationIsVisible = 0;
			defaultConfigurationName = Release;
		};
		621AAB312190D01F002DE426 /* Build configuration list for PBXNativeTarget "QuickSiriShorcut" */ = {
			isa = XCConfigurationList;
			buildConfigurations = (
				621AAB322190D01F002DE426 /* Debug */,
				621AAB332190D01F002DE426 /* Release */,
			);
			defaultConfigurationIsVisible = 0;
			defaultConfigurationName = Release;
		};
/* End XCConfigurationList section */
	};
	rootObject = 621AAB172190D01E002DE426 /* Project object */;
}
